
Microsoft Visual Studio Solution File, Format Version 12.00
# Visual Studio Version 17
VisualStudioVersion = 17.13.35931.197 d17.13
MinimumVisualStudioVersion = 10.0.40219.1
Project("{FAE04EC0-301F-11D3-BF4B-00C04F79EFBC}") = "WebApplication-rabbitmq", "WebApplication-rabbitmq\WebApplication-rabbitmq.csproj", "{828A292B-4C94-4733-A0B8-9C7657AAFEA8}"
EndProject
Global
	GlobalSection(SolutionConfigurationPlatforms) = preSolution
		Debug|Any CPU = Debug|Any CPU
		Release|Any CPU = Release|Any CPU
	EndGlobalSection
	GlobalSection(ProjectConfigurationPlatforms) = postSolution
		{828A292B-4C94-4733-A0B8-9C7657AAFEA8}.Debug|Any CPU.ActiveCfg = Debug|Any CPU
		{828A292B-4C94-4733-A0B8-9C7657AAFEA8}.Debug|Any CPU.Build.0 = Debug|Any CPU
		{828A292B-4C94-4733-A0B8-9C7657AAFEA8}.Release|Any CPU.ActiveCfg = Release|Any CPU
		{828A292B-4C94-4733-A0B8-9C7657AAFEA8}.Release|Any CPU.Build.0 = Release|Any CPU
	EndGlobalSection
	GlobalSection(SolutionProperties) = preSolution
		HideSolutionNode = FALSE
	EndGlobalSection
	GlobalSection(ExtensibilityGlobals) = postSolution
		SolutionGuid = {76E66333-0CA0-4929-8506-4A246FD9EAC9}
	EndGlobalSection
EndGlobal
